
Microsoft Visual Studio Solution File, Format Version 12.00
# Visual Studio Version 16
VisualStudioVersion = 16.0.33927.289
MinimumVisualStudioVersion = 10.0.40219.1
Project("{2150E333-8FDC-42A3-9474-1A3956D46DE8}") = "Task0", "Task0", "{94AFB208-98BE-4C7B-AFF7-BE5E86D2FBD2}"
EndProject
Project("{FAE04EC0-301F-11D3-BF4B-00C04F79EFBC}") = "Tyuiu.KarpenkoNA.Sprint4.Task0.V20", "Tyuiu.KarpenkoNA.Sprint4.Task0.V20\Tyuiu.KarpenkoNA.Sprint4.Task0.V20.csproj", "{058B44F3-31EC-40EE-AF2B-4AB6AC2AC21F}"
EndProject
Project("{FAE04EC0-301F-11D3-BF4B-00C04F79EFBC}") = "Tyuiu.KarpenkoNA.Sprint4.Task0.V20.Lib", "Tyuiu.KarpenkoNA.Sprint4.Task0.V20.Lib\Tyuiu.KarpenkoNA.Sprint4.Task0.V20.Lib.csproj", "{9325B6B9-7946-4B39-80FD-52F8E9DA0CDA}"
EndProject
Project("{FAE04EC0-301F-11D3-BF4B-00C04F79EFBC}") = "Tyuiu.KarpenkoNA.Sprint4.Task0.V20.Test", "Tyuiu.KarpenkoNA.Sprint4.Task0.V20.Test\Tyuiu.KarpenkoNA.Sprint4.Task0.V20.Test.csproj", "{4237BF1F-559C-4CB1-BC3E-7FBBA96A0093}"
EndProject
Project("{2150E333-8FDC-42A3-9474-1A3956D46DE8}") = "Task1", "Task1", "{2D807811-EACD-45A4-8020-869FC2717177}"
EndProject
Project("{FAE04EC0-301F-11D3-BF4B-00C04F79EFBC}") = "Tyuiu.KarpenkoNA.Sprint4.Task1.V12", "Tyuiu.KarpenkoNA.Sprint4.Task1.V12\Tyuiu.KarpenkoNA.Sprint4.Task1.V12.csproj", "{4745C4EB-D07A-4CF9-8624-E173F57C2188}"
EndProject
Project("{FAE04EC0-301F-11D3-BF4B-00C04F79EFBC}") = "Tyuiu.KarpenkoNA.Sprint4.Task1.V12.Lib", "Tyuiu.KarpenkoNA.Sprint4.Task1.V12.Lib\Tyuiu.KarpenkoNA.Sprint4.Task1.V12.Lib.csproj", "{99EB03D7-9E12-456C-AF1E-38369AC6187F}"
EndProject
Project("{FAE04EC0-301F-11D3-BF4B-00C04F79EFBC}") = "Tyuiu.KarpenkoNA.Sprint4.Task1.V12.Test", "Tyuiu.KarpenkoNA.Sprint4.Task1.V12.Test\Tyuiu.KarpenkoNA.Sprint4.Task1.V12.Test.csproj", "{2AF32E5C-4048-4A20-A76B-13BAF8B29064}"
EndProject
Project("{2150E333-8FDC-42A3-9474-1A3956D46DE8}") = "Task2", "Task2", "{F14088D3-C1CE-49B9-A6EC-6E7DF2228E89}"
EndProject
Project("{FAE04EC0-301F-11D3-BF4B-00C04F79EFBC}") = "Tyuiu.KarpenkoNA.Sprint4.Task2.V5", "Tyuiu.KarpenkoNA.Sprint4.Task2.V5\Tyuiu.KarpenkoNA.Sprint4.Task2.V5.csproj", "{EFF87609-9AEA-4F55-953E-856C3A0DF06D}"
EndProject
Project("{FAE04EC0-301F-11D3-BF4B-00C04F79EFBC}") = "Tyuiu.KarpenkoNA.Sprint4.Task2.V5.Lib", "Tyuiu.KarpenkoNA.Sprint4.Task2.V5.Lib\Tyuiu.KarpenkoNA.Sprint4.Task2.V5.Lib.csproj", "{4AC0B8EA-36EA-4E4E-960B-E29D08C6069E}"
EndProject
Project("{FAE04EC0-301F-11D3-BF4B-00C04F79EFBC}") = "Tyuiu.KarpenkoNA.Sprint4.Task2.V5.Test", "Tyuiu.KarpenkoNA.Sprint4.Task2.V5.Test\Tyuiu.KarpenkoNA.Sprint4.Task2.V5.Test.csproj", "{E121833F-F859-4166-99F8-1A042C78C511}"
EndProject
Project("{2150E333-8FDC-42A3-9474-1A3956D46DE8}") = "Task3", "Task3", "{23308F2E-70AB-4A51-B992-8B8FA74CA793}"
EndProject
Project("{FAE04EC0-301F-11D3-BF4B-00C04F79EFBC}") = "Tyuiu.KarpenkoNA.Sprint4.Task3.V20", "Tyuiu.KarpenkoNA.Sprint4.Task3.V20\Tyuiu.KarpenkoNA.Sprint4.Task3.V20.csproj", "{0217A2FA-8A48-447A-8B51-2571C3802AA4}"
EndProject
Project("{FAE04EC0-301F-11D3-BF4B-00C04F79EFBC}") = "Tyuiu.KarpenkoNA.Sprint4.Task3.V20.Lib", "Tyuiu.KarpenkoNA.Sprint4.Task3.V20.Lib\Tyuiu.KarpenkoNA.Sprint4.Task3.V20.Lib.csproj", "{0D0C791F-DAC1-43F0-9E00-74C6EFAA0A6F}"
EndProject
Project("{FAE04EC0-301F-11D3-BF4B-00C04F79EFBC}") = "Tyuiu.KarpenkoNA.Sprint4.Task3.V20.Test", "Tyuiu.KarpenkoNA.Sprint4.Task3.V20.Test\Tyuiu.KarpenkoNA.Sprint4.Task3.V20.Test.csproj", "{0CA49782-B00E-42B4-A825-2C3AF4274ED8}"
EndProject
Project("{2150E333-8FDC-42A3-9474-1A3956D46DE8}") = "Task4", "Task4", "{0A45AC4F-DB88-46A7-926B-0E588440D167}"
EndProject
Project("{FAE04EC0-301F-11D3-BF4B-00C04F79EFBC}") = "Tyuiu.KarpenkoNA.Sprint4.Task4.V29", "Tyuiu.KarpenkoNA.Sprint4.Task4.V29\Tyuiu.KarpenkoNA.Sprint4.Task4.V29.csproj", "{AB098AE5-BBA9-4D87-91FB-6ACEFC519C71}"
EndProject
Project("{FAE04EC0-301F-11D3-BF4B-00C04F79EFBC}") = "Tyuiu.KarpenkoNA.Sprint4.Task4.V29.Lib", "Tyuiu.KarpenkoNA.Sprint4.Task4.V29.Lib\Tyuiu.KarpenkoNA.Sprint4.Task4.V29.Lib.csproj", "{2B834C8A-FEDA-4507-9B6C-3BD840B63696}"
EndProject
Project("{FAE04EC0-301F-11D3-BF4B-00C04F79EFBC}") = "Tyuiu.KarpenkoNA.Sprint4.Task4.V29.Test", "Tyuiu.KarpenkoNA.Sprint4.Task4.V29.Test\Tyuiu.KarpenkoNA.Sprint4.Task4.V29.Test.csproj", "{61519F67-63AD-41F2-8179-4097BCA8CDBD}"
EndProject
Project("{2150E333-8FDC-42A3-9474-1A3956D46DE8}") = "Task5", "Task5", "{E7AA6E7C-B862-471E-A654-C0E04B864E9B}"
EndProject
Project("{FAE04EC0-301F-11D3-BF4B-00C04F79EFBC}") = "Tyuiu.KarpenkoNA.Sprint4.Task5.V23", "Tyuiu.KarpenkoNA.Sprint4.Task5.V23\Tyuiu.KarpenkoNA.Sprint4.Task5.V23.csproj", "{B9434D6F-062A-4AFA-A528-94B5EAE9C1FA}"
EndProject
Project("{FAE04EC0-301F-11D3-BF4B-00C04F79EFBC}") = "Tyuiu.KarpenkoNA.Sprint4.Task5.V23.Lib", "Tyuiu.KarpenkoNA.Sprint4.Task5.V23.Lib\Tyuiu.KarpenkoNA.Sprint4.Task5.V23.Lib.csproj", "{36C47A61-CFEB-4C62-B79C-FF788C653E1A}"
EndProject
Project("{FAE04EC0-301F-11D3-BF4B-00C04F79EFBC}") = "Tyuiu.KarpenkoNA.Sprint4.Task5.V23.Test", "Tyuiu.KarpenkoNA.Sprint4.Task5.V23.Test\Tyuiu.KarpenkoNA.Sprint4.Task5.V23.Test.csproj", "{2311308C-AB5B-4F52-8F80-013EDB8298A8}"
EndProject
Global
	GlobalSection(SolutionConfigurationPlatforms) = preSolution
		Debug|Any CPU = Debug|Any CPU
		Release|Any CPU = Release|Any CPU
	EndGlobalSection
	GlobalSection(ProjectConfigurationPlatforms) = postSolution
		{058B44F3-31EC-40EE-AF2B-4AB6AC2AC21F}.Debug|Any CPU.ActiveCfg = Debug|Any CPU
		{058B44F3-31EC-40EE-AF2B-4AB6AC2AC21F}.Debug|Any CPU.Build.0 = Debug|Any CPU
		{058B44F3-31EC-40EE-AF2B-4AB6AC2AC21F}.Release|Any CPU.ActiveCfg = Release|Any CPU
		{058B44F3-31EC-40EE-AF2B-4AB6AC2AC21F}.Release|Any CPU.Build.0 = Release|Any CPU
		{9325B6B9-7946-4B39-80FD-52F8E9DA0CDA}.Debug|Any CPU.ActiveCfg = Debug|Any CPU
		{9325B6B9-7946-4B39-80FD-52F8E9DA0CDA}.Debug|Any CPU.Build.0 = Debug|Any CPU
		{9325B6B9-7946-4B39-80FD-52F8E9DA0CDA}.Release|Any CPU.ActiveCfg = Release|Any CPU
		{9325B6B9-7946-4B39-80FD-52F8E9DA0CDA}.Release|Any CPU.Build.0 = Release|Any CPU
		{4237BF1F-559C-4CB1-BC3E-7FBBA96A0093}.Debug|Any CPU.ActiveCfg = Debug|Any CPU
		{4237BF1F-559C-4CB1-BC3E-7FBBA96A0093}.Debug|Any CPU.Build.0 = Debug|Any CPU
		{4237BF1F-559C-4CB1-BC3E-7FBBA96A0093}.Release|Any CPU.ActiveCfg = Release|Any CPU
		{4237BF1F-559C-4CB1-BC3E-7FBBA96A0093}.Release|Any CPU.Build.0 = Release|Any CPU
		{4745C4EB-D07A-4CF9-8624-E173F57C2188}.Debug|Any CPU.ActiveCfg = Debug|Any CPU
		{4745C4EB-D07A-4CF9-8624-E173F57C2188}.Debug|Any CPU.Build.0 = Debug|Any CPU
		{4745C4EB-D07A-4CF9-8624-E173F57C2188}.Release|Any CPU.ActiveCfg = Release|Any CPU
		{4745C4EB-D07A-4CF9-8624-E173F57C2188}.Release|Any CPU.Build.0 = Release|Any CPU
		{99EB03D7-9E12-456C-AF1E-38369AC6187F}.Debug|Any CPU.ActiveCfg = Debug|Any CPU
		{99EB03D7-9E12-456C-AF1E-38369AC6187F}.Debug|Any CPU.Build.0 = Debug|Any CPU
		{99EB03D7-9E12-456C-AF1E-38369AC6187F}.Release|Any CPU.ActiveCfg = Release|Any CPU
		{99EB03D7-9E12-456C-AF1E-38369AC6187F}.Release|Any CPU.Build.0 = Release|Any CPU
		{2AF32E5C-4048-4A20-A76B-13BAF8B29064}.Debug|Any CPU.ActiveCfg = Debug|Any CPU
		{2AF32E5C-4048-4A20-A76B-13BAF8B29064}.Debug|Any CPU.Build.0 = Debug|Any CPU
		{2AF32E5C-4048-4A20-A76B-13BAF8B29064}.Release|Any CPU.ActiveCfg = Release|Any CPU
		{2AF32E5C-4048-4A20-A76B-13BAF8B29064}.Release|Any CPU.Build.0 = Release|Any CPU
		{EFF87609-9AEA-4F55-953E-856C3A0DF06D}.Debug|Any CPU.ActiveCfg = Debug|Any CPU
		{EFF87609-9AEA-4F55-953E-856C3A0DF06D}.Debug|Any CPU.Build.0 = Debug|Any CPU
		{EFF87609-9AEA-4F55-953E-856C3A0DF06D}.Release|Any CPU.ActiveCfg = Release|Any CPU
		{EFF87609-9AEA-4F55-953E-856C3A0DF06D}.Release|Any CPU.Build.0 = Release|Any CPU
		{4AC0B8EA-36EA-4E4E-960B-E29D08C6069E}.Debug|Any CPU.ActiveCfg = Debug|Any CPU
		{4AC0B8EA-36EA-4E4E-960B-E29D08C6069E}.Debug|Any CPU.Build.0 = Debug|Any CPU
		{4AC0B8EA-36EA-4E4E-960B-E29D08C6069E}.Release|Any CPU.ActiveCfg = Release|Any CPU
		{4AC0B8EA-36EA-4E4E-960B-E29D08C6069E}.Release|Any CPU.Build.0 = Release|Any CPU
		{E121833F-F859-4166-99F8-1A042C78C511}.Debug|Any CPU.ActiveCfg = Debug|Any CPU
		{E121833F-F859-4166-99F8-1A042C78C511}.Debug|Any CPU.Build.0 = Debug|Any CPU
		{E121833F-F859-4166-99F8-1A042C78C511}.Release|Any CPU.ActiveCfg = Release|Any CPU
		{E121833F-F859-4166-99F8-1A042C78C511}.Release|Any CPU.Build.0 = Release|Any CPU
		{0217A2FA-8A48-447A-8B51-2571C3802AA4}.Debug|Any CPU.ActiveCfg = Debug|Any CPU
		{0217A2FA-8A48-447A-8B51-2571C3802AA4}.Debug|Any CPU.Build.0 = Debug|Any CPU
		{0217A2FA-8A48-447A-8B51-2571C3802AA4}.Release|Any CPU.ActiveCfg = Release|Any CPU
		{0217A2FA-8A48-447A-8B51-2571C3802AA4}.Release|Any CPU.Build.0 = Release|Any CPU
		{0D0C791F-DAC1-43F0-9E00-74C6EFAA0A6F}.Debug|Any CPU.ActiveCfg = Debug|Any CPU
		{0D0C791F-DAC1-43F0-9E00-74C6EFAA0A6F}.Debug|Any CPU.Build.0 = Debug|Any CPU
		{0D0C791F-DAC1-43F0-9E00-74C6EFAA0A6F}.Release|Any CPU.ActiveCfg = Release|Any CPU
		{0D0C791F-DAC1-43F0-9E00-74C6EFAA0A6F}.Release|Any CPU.Build.0 = Release|Any CPU
		{0CA49782-B00E-42B4-A825-2C3AF4274ED8}.Debug|Any CPU.ActiveCfg = Debug|Any CPU
		{0CA49782-B00E-42B4-A825-2C3AF4274ED8}.Debug|Any CPU.Build.0 = Debug|Any CPU
		{0CA49782-B00E-42B4-A825-2C3AF4274ED8}.Release|Any CPU.ActiveCfg = Release|Any CPU
		{0CA49782-B00E-42B4-A825-2C3AF4274ED8}.Release|Any CPU.Build.0 = Release|Any CPU
		{AB098AE5-BBA9-4D87-91FB-6ACEFC519C71}.Debug|Any CPU.ActiveCfg = Debug|Any CPU
		{AB098AE5-BBA9-4D87-91FB-6ACEFC519C71}.Debug|Any CPU.Build.0 = Debug|Any CPU
		{AB098AE5-BBA9-4D87-91FB-6ACEFC519C71}.Release|Any CPU.ActiveCfg = Release|Any CPU
		{AB098AE5-BBA9-4D87-91FB-6ACEFC519C71}.Release|Any CPU.Build.0 = Release|Any CPU
		{2B834C8A-FEDA-4507-9B6C-3BD840B63696}.Debug|Any CPU.ActiveCfg = Debug|Any CPU
		{2B834C8A-FEDA-4507-9B6C-3BD840B63696}.Debug|Any CPU.Build.0 = Debug|Any CPU
		{2B834C8A-FEDA-4507-9B6C-3BD840B63696}.Release|Any CPU.ActiveCfg = Release|Any CPU
		{2B834C8A-FEDA-4507-9B6C-3BD840B63696}.Release|Any CPU.Build.0 = Release|Any CPU
		{61519F67-63AD-41F2-8179-4097BCA8CDBD}.Debug|Any CPU.ActiveCfg = Debug|Any CPU
		{61519F67-63AD-41F2-8179-4097BCA8CDBD}.Debug|Any CPU.Build.0 = Debug|Any CPU
		{61519F67-63AD-41F2-8179-4097BCA8CDBD}.Release|Any CPU.ActiveCfg = Release|Any CPU
		{61519F67-63AD-41F2-8179-4097BCA8CDBD}.Release|Any CPU.Build.0 = Release|Any CPU
		{B9434D6F-062A-4AFA-A528-94B5EAE9C1FA}.Debug|Any CPU.ActiveCfg = Debug|Any CPU
		{B9434D6F-062A-4AFA-A528-94B5EAE9C1FA}.Debug|Any CPU.Build.0 = Debug|Any CPU
		{B9434D6F-062A-4AFA-A528-94B5EAE9C1FA}.Release|Any CPU.ActiveCfg = Release|Any CPU
		{B9434D6F-062A-4AFA-A528-94B5EAE9C1FA}.Release|Any CPU.Build.0 = Release|Any CPU
		{36C47A61-CFEB-4C62-B79C-FF788C653E1A}.Debug|Any CPU.ActiveCfg = Debug|Any CPU
		{36C47A61-CFEB-4C62-B79C-FF788C653E1A}.Debug|Any CPU.Build.0 = Debug|Any CPU
		{36C47A61-CFEB-4C62-B79C-FF788C653E1A}.Release|Any CPU.ActiveCfg = Release|Any CPU
		{36C47A61-CFEB-4C62-B79C-FF788C653E1A}.Release|Any CPU.Build.0 = Release|Any CPU
		{2311308C-AB5B-4F52-8F80-013EDB8298A8}.Debug|Any CPU.ActiveCfg = Debug|Any CPU
		{2311308C-AB5B-4F52-8F80-013EDB8298A8}.Debug|Any CPU.Build.0 = Debug|Any CPU
		{2311308C-AB5B-4F52-8F80-013EDB8298A8}.Release|Any CPU.ActiveCfg = Release|Any CPU
		{2311308C-AB5B-4F52-8F80-013EDB8298A8}.Release|Any CPU.Build.0 = Release|Any CPU
	EndGlobalSection
	GlobalSection(SolutionProperties) = preSolution
		HideSolutionNode = FALSE
	EndGlobalSection
	GlobalSection(NestedProjects) = preSolution
		{058B44F3-31EC-40EE-AF2B-4AB6AC2AC21F} = {94AFB208-98BE-4C7B-AFF7-BE5E86D2FBD2}
		{9325B6B9-7946-4B39-80FD-52F8E9DA0CDA} = {94AFB208-98BE-4C7B-AFF7-BE5E86D2FBD2}
		{4237BF1F-559C-4CB1-BC3E-7FBBA96A0093} = {94AFB208-98BE-4C7B-AFF7-BE5E86D2FBD2}
		{4745C4EB-D07A-4CF9-8624-E173F57C2188} = {2D807811-EACD-45A4-8020-869FC2717177}
		{99EB03D7-9E12-456C-AF1E-38369AC6187F} = {2D807811-EACD-45A4-8020-869FC2717177}
		{2AF32E5C-4048-4A20-A76B-13BAF8B29064} = {2D807811-EACD-45A4-8020-869FC2717177}
		{EFF87609-9AEA-4F55-953E-856C3A0DF06D} = {F14088D3-C1CE-49B9-A6EC-6E7DF2228E89}
		{4AC0B8EA-36EA-4E4E-960B-E29D08C6069E} = {F14088D3-C1CE-49B9-A6EC-6E7DF2228E89}
		{E121833F-F859-4166-99F8-1A042C78C511} = {F14088D3-C1CE-49B9-A6EC-6E7DF2228E89}
		{0217A2FA-8A48-447A-8B51-2571C3802AA4} = {23308F2E-70AB-4A51-B992-8B8FA74CA793}
		{0D0C791F-DAC1-43F0-9E00-74C6EFAA0A6F} = {23308F2E-70AB-4A51-B992-8B8FA74CA793}
		{0CA49782-B00E-42B4-A825-2C3AF4274ED8} = {23308F2E-70AB-4A51-B992-8B8FA74CA793}
		{AB098AE5-BBA9-4D87-91FB-6ACEFC519C71} = {0A45AC4F-DB88-46A7-926B-0E588440D167}
		{2B834C8A-FEDA-4507-9B6C-3BD840B63696} = {0A45AC4F-DB88-46A7-926B-0E588440D167}
		{61519F67-63AD-41F2-8179-4097BCA8CDBD} = {0A45AC4F-DB88-46A7-926B-0E588440D167}
		{B9434D6F-062A-4AFA-A528-94B5EAE9C1FA} = {E7AA6E7C-B862-471E-A654-C0E04B864E9B}
		{36C47A61-CFEB-4C62-B79C-FF788C653E1A} = {E7AA6E7C-B862-471E-A654-C0E04B864E9B}
		{2311308C-AB5B-4F52-8F80-013EDB8298A8} = {E7AA6E7C-B862-471E-A654-C0E04B864E9B}
	EndGlobalSection
	GlobalSection(ExtensibilityGlobals) = postSolution
		SolutionGuid = {921E2616-ABAB-412E-B9FA-625DD0E929FE}
	EndGlobalSection
EndGlobal
